
Microsoft Visual Studio Solution File, Format Version 12.00
# Visual Studio Version 16
VisualStudioVersion = 16.0.30011.22
MinimumVisualStudioVersion = 10.0.40219.1
Project("{8BC9CEB8-8B4A-11D0-8D11-00A0C91BC942}") = "learning_c", "learning_c.vcxproj", "{C0FA55B3-4CC8-4340-92EC-C36017C0816C}"
EndProject
Global
	GlobalSection(SolutionConfigurationPlatforms) = preSolution
		Debug|x64 = Debug|x64
		Debug|x86 = Debug|x86
		Release|x64 = Release|x64
		Release|x86 = Release|x86
	EndGlobalSection
	GlobalSection(ProjectConfigurationPlatforms) = postSolution
		{C0FA55B3-4CC8-4340-92EC-C36017C0816C}.Debug|x64.ActiveCfg = Debug|x64
		{C0FA55B3-4CC8-4340-92EC-C36017C0816C}.Debug|x64.Build.0 = Debug|x64
		{C0FA55B3-4CC8-4340-92EC-C36017C0816C}.Debug|x86.ActiveCfg = Debug|Win32
		{C0FA55B3-4CC8-4340-92EC-C36017C0816C}.Debug|x86.Build.0 = Debug|Win32
		{C0FA55B3-4CC8-4340-92EC-C36017C0816C}.Release|x64.ActiveCfg = Release|x64
		{C0FA55B3-4CC8-4340-92EC-C36017C0816C}.Release|x64.Build.0 = Release|x64
		{C0FA55B3-4CC8-4340-92EC-C36017C0816C}.Release|x86.ActiveCfg = Release|Win32
		{C0FA55B3-4CC8-4340-92EC-C36017C0816C}.Release|x86.Build.0 = Release|Win32
	EndGlobalSection
	GlobalSection(SolutionProperties) = preSolution
		HideSolutionNode = FALSE
	EndGlobalSection
	GlobalSection(ExtensibilityGlobals) = postSolution
		SolutionGuid = {A11453BA-6720-4E82-8B83-09809B23949D}
	EndGlobalSection
EndGlobal
